
Microsoft Visual Studio Solution File, Format Version 12.00
# Visual Studio 14
VisualStudioVersion = 14.0.25123.0
MinimumVisualStudioVersion = 10.0.40219.1
Project("{FAE04EC0-301F-11D3-BF4B-00C04F79EFBC}") = "RunnersSoul", "RunnersSoul\RunnersSoul.csproj", "{AAD192F9-EC8C-49D6-B832-2F6EFCB95B91}"
EndProject
Global
	GlobalSection(SolutionConfigurationPlatforms) = preSolution
		Debug|Any CPU = Debug|Any CPU
		Release|Any CPU = Release|Any CPU
	EndGlobalSection
	GlobalSection(ProjectConfigurationPlatforms) = postSolution
		{AAD192F9-EC8C-49D6-B832-2F6EFCB95B91}.Debug|Any CPU.ActiveCfg = Debug|Any CPU
		{AAD192F9-EC8C-49D6-B832-2F6EFCB95B91}.Debug|Any CPU.Build.0 = Debug|Any CPU
		{AAD192F9-EC8C-49D6-B832-2F6EFCB95B91}.Release|Any CPU.ActiveCfg = Release|Any CPU
		{AAD192F9-EC8C-49D6-B832-2F6EFCB95B91}.Release|Any CPU.Build.0 = Release|Any CPU
	EndGlobalSection
	GlobalSection(SolutionProperties) = preSolution
		HideSolutionNode = FALSE
	EndGlobalSection
EndGlobal
